
Microsoft Visual Studio Solution File, Format Version 12.00
# Visual Studio Version 17
VisualStudioVersion = 17.8.34322.80
MinimumVisualStudioVersion = 10.0.40219.1
Project("{FAE04EC0-301F-11D3-BF4B-00C04F79EFBC}") = "apz-pzpi-21-7-vysochyn-illia-task3", "apz-pzpi-21-7-vysochyn-illia-task3.csproj", "{B5D13641-4A8F-48DF-8ACD-C026AEB39007}"
EndProject
Global
	GlobalSection(SolutionConfigurationPlatforms) = preSolution
		Debug|Any CPU = Debug|Any CPU
		Release|Any CPU = Release|Any CPU
	EndGlobalSection
	GlobalSection(ProjectConfigurationPlatforms) = postSolution
		{B5D13641-4A8F-48DF-8ACD-C026AEB39007}.Debug|Any CPU.ActiveCfg = Debug|Any CPU
		{B5D13641-4A8F-48DF-8ACD-C026AEB39007}.Debug|Any CPU.Build.0 = Debug|Any CPU
		{B5D13641-4A8F-48DF-8ACD-C026AEB39007}.Release|Any CPU.ActiveCfg = Release|Any CPU
		{B5D13641-4A8F-48DF-8ACD-C026AEB39007}.Release|Any CPU.Build.0 = Release|Any CPU
	EndGlobalSection
	GlobalSection(SolutionProperties) = preSolution
		HideSolutionNode = FALSE
	EndGlobalSection
	GlobalSection(ExtensibilityGlobals) = postSolution
		SolutionGuid = {34EE909B-0F11-4B92-BADC-71D472261591}
	EndGlobalSection
EndGlobal
